{
  "name": "imageprocess",
  "version": "0.0.1",
  "lockfileVersion": 3,
  "requires": true,
  "packages": {
    "": {
      "name": "imageprocess",
      "version": "0.0.1",
      "license": "ISC",
      "dependencies": {
        "@wii/watermarkjs": "^2.1.2"
      },
      "devDependencies": {
        "typescript": "^5.2.2"
      }
    },
    "node_modules/@wii/watermarkjs": {
      "version": "2.1.2",
      "resolved": "https://registry.npmjs.org/@wii/watermarkjs/-/watermarkjs-2.1.2.tgz",
      "integrity": "sha512-R0YblW4J1I6+mTeQHEV1R1fW+oexdZ8rPZUc//WDvqJEidDOxNXNiBgbOENMPnr+uw6EScAWNm2mzDlk/38SQA=="
    },
    "node_modules/typescript": {
      "version": "5.2.2",
      "resolved": "https://registry.npmjs.org/typescript/-/typescript-5.2.2.tgz",
      "integrity": "sha512-mI4WrpHsbCIcwT9cF4FZvr80QUeKvsUsUvKDoR+X/7XHQH98xYD8YHZg7ANtz2GtZt/CBq2QJ0thkGJMHfqc1w==",
      "dev": true,
      "bin": {
        "tsc": "bin/tsc",
        "tsserver": "bin/tsserver"
      },
      "engines": {
        "node": ">=14.17"
      }
    }
  }
}
